
Microsoft Visual Studio Solution File, Format Version 12.00
# Visual Studio Version 17
VisualStudioVersion = 17.11.35208.52
MinimumVisualStudioVersion = 10.0.40219.1
Project("{8BC9CEB8-8B4A-11D0-8D11-00A0C91BC942}") = "Yandex_Practicum", "Yandex_Practicum.vcxproj", "{324F2177-0900-475C-BBB8-2DB2886C9B6F}"
EndProject
Global
	GlobalSection(SolutionConfigurationPlatforms) = preSolution
		Debug|x64 = Debug|x64
		Debug|x86 = Debug|x86
		Release|x64 = Release|x64
		Release|x86 = Release|x86
	EndGlobalSection
	GlobalSection(ProjectConfigurationPlatforms) = postSolution
		{324F2177-0900-475C-BBB8-2DB2886C9B6F}.Debug|x64.ActiveCfg = Debug|x64
		{324F2177-0900-475C-BBB8-2DB2886C9B6F}.Debug|x64.Build.0 = Debug|x64
		{324F2177-0900-475C-BBB8-2DB2886C9B6F}.Debug|x86.ActiveCfg = Debug|Win32
		{324F2177-0900-475C-BBB8-2DB2886C9B6F}.Debug|x86.Build.0 = Debug|Win32
		{324F2177-0900-475C-BBB8-2DB2886C9B6F}.Release|x64.ActiveCfg = Release|x64
		{324F2177-0900-475C-BBB8-2DB2886C9B6F}.Release|x64.Build.0 = Release|x64
		{324F2177-0900-475C-BBB8-2DB2886C9B6F}.Release|x86.ActiveCfg = Release|Win32
		{324F2177-0900-475C-BBB8-2DB2886C9B6F}.Release|x86.Build.0 = Release|Win32
	EndGlobalSection
	GlobalSection(SolutionProperties) = preSolution
		HideSolutionNode = FALSE
	EndGlobalSection
	GlobalSection(ExtensibilityGlobals) = postSolution
		SolutionGuid = {E808AB9D-EA1D-46B3-8E75-2379E6D2ACC7}
	EndGlobalSection
EndGlobal
